
Microsoft Visual Studio Solution File, Format Version 12.00
# Visual Studio Version 17
VisualStudioVersion = 17.1.32328.378
MinimumVisualStudioVersion = 10.0.40219.1
Project("{FAE04EC0-301F-11D3-BF4B-00C04F79EFBC}") = "WorkScheduleSolution", "WorkScheduleSolution.csproj", "{EDFE6BDD-B7B9-4875-AB8E-458966BCA8C2}"
EndProject
Global
	GlobalSection(SolutionConfigurationPlatforms) = preSolution
		Debug|Any CPU = Debug|Any CPU
		Release|Any CPU = Release|Any CPU
	EndGlobalSection
	GlobalSection(ProjectConfigurationPlatforms) = postSolution
		{EDFE6BDD-B7B9-4875-AB8E-458966BCA8C2}.Debug|Any CPU.ActiveCfg = Debug|Any CPU
		{EDFE6BDD-B7B9-4875-AB8E-458966BCA8C2}.Debug|Any CPU.Build.0 = Debug|Any CPU
		{EDFE6BDD-B7B9-4875-AB8E-458966BCA8C2}.Release|Any CPU.ActiveCfg = Release|Any CPU
		{EDFE6BDD-B7B9-4875-AB8E-458966BCA8C2}.Release|Any CPU.Build.0 = Release|Any CPU
	EndGlobalSection
	GlobalSection(SolutionProperties) = preSolution
		HideSolutionNode = FALSE
	EndGlobalSection
	GlobalSection(ExtensibilityGlobals) = postSolution
		SolutionGuid = {94CB26F2-EC71-4EF7-BA85-F99CA96EC90E}
	EndGlobalSection
EndGlobal
